
Microsoft Visual Studio Solution File, Format Version 12.00
# Visual Studio Version 16
VisualStudioVersion = 16.0.29411.108
MinimumVisualStudioVersion = 10.0.40219.1
Project("{9A19103F-16F7-4668-BE54-9A1E7A4F7556}") = "GradeBook", "..\..\GradeBook\GradeBook.csproj", "{4AE6B8D5-6B6A-428C-989B-FC2AEA834A64}"
EndProject
Project("{FAE04EC0-301F-11D3-BF4B-00C04F79EFBC}") = "GradeBookTest", "..\GradeBookTest\GradeBookTest.csproj", "{1705ABD0-E8A1-4103-B25F-49E944969287}"
EndProject
Global
	GlobalSection(SolutionConfigurationPlatforms) = preSolution
		Debug|Any CPU = Debug|Any CPU
		Release|Any CPU = Release|Any CPU
	EndGlobalSection
	GlobalSection(ProjectConfigurationPlatforms) = postSolution
		{4AE6B8D5-6B6A-428C-989B-FC2AEA834A64}.Debug|Any CPU.ActiveCfg = Debug|Any CPU
		{4AE6B8D5-6B6A-428C-989B-FC2AEA834A64}.Debug|Any CPU.Build.0 = Debug|Any CPU
		{4AE6B8D5-6B6A-428C-989B-FC2AEA834A64}.Release|Any CPU.ActiveCfg = Release|Any CPU
		{4AE6B8D5-6B6A-428C-989B-FC2AEA834A64}.Release|Any CPU.Build.0 = Release|Any CPU
		{1705ABD0-E8A1-4103-B25F-49E944969287}.Debug|Any CPU.ActiveCfg = Debug|Any CPU
		{1705ABD0-E8A1-4103-B25F-49E944969287}.Debug|Any CPU.Build.0 = Debug|Any CPU
		{1705ABD0-E8A1-4103-B25F-49E944969287}.Release|Any CPU.ActiveCfg = Release|Any CPU
		{1705ABD0-E8A1-4103-B25F-49E944969287}.Release|Any CPU.Build.0 = Release|Any CPU
	EndGlobalSection
	GlobalSection(SolutionProperties) = preSolution
		HideSolutionNode = FALSE
	EndGlobalSection
	GlobalSection(ExtensibilityGlobals) = postSolution
		SolutionGuid = {CF1DBA21-3AB7-46F0-BB0A-B2D8551F5CAF}
	EndGlobalSection
EndGlobal
